
Microsoft Visual Studio Solution File, Format Version 12.00
# Visual Studio 2013
VisualStudioVersion = 12.0.30723.0
MinimumVisualStudioVersion = 10.0.40219.1
Project("{FAE04EC0-301F-11D3-BF4B-00C04F79EFBC}") = "redisTest", "redisTest\redisTest.csproj", "{64B61420-2125-4436-B64F-43547AA3E5EF}"
EndProject
Project("{FAE04EC0-301F-11D3-BF4B-00C04F79EFBC}") = "inTimePayServer", "inTimePayServer\inTimePayServer.csproj", "{509914B0-4F26-434C-A9E3-0D4B46722021}"
	ProjectSection(ProjectDependencies) = postProject
		{0300F3B4-6DAE-494F-85C8-D1DB982E2595} = {0300F3B4-6DAE-494F-85C8-D1DB982E2595}
	EndProjectSection
EndProject
Project("{FAE04EC0-301F-11D3-BF4B-00C04F79EFBC}") = "paymentSOA", "paymentSOA\paymentSOA.csproj", "{0300F3B4-6DAE-494F-85C8-D1DB982E2595}"
EndProject
Project("{FAE04EC0-301F-11D3-BF4B-00C04F79EFBC}") = "ctripRedisHelp", "ctripRedisHelp\ctripRedisHelp.csproj", "{87622DD4-A63C-4E7B-B7AF-6650CF4521FF}"
EndProject
Project("{FAE04EC0-301F-11D3-BF4B-00C04F79EFBC}") = "bankService", "bankService\bankService.csproj", "{DF9A4A24-E005-4F05-B1EA-D5F40A20AE08}"
	ProjectSection(ProjectDependencies) = postProject
		{0300F3B4-6DAE-494F-85C8-D1DB982E2595} = {0300F3B4-6DAE-494F-85C8-D1DB982E2595}
	EndProjectSection
EndProject
Global
	GlobalSection(SolutionConfigurationPlatforms) = preSolution
		Debug|Any CPU = Debug|Any CPU
		Release|Any CPU = Release|Any CPU
	EndGlobalSection
	GlobalSection(ProjectConfigurationPlatforms) = postSolution
		{64B61420-2125-4436-B64F-43547AA3E5EF}.Debug|Any CPU.ActiveCfg = Debug|Any CPU
		{64B61420-2125-4436-B64F-43547AA3E5EF}.Debug|Any CPU.Build.0 = Debug|Any CPU
		{64B61420-2125-4436-B64F-43547AA3E5EF}.Release|Any CPU.ActiveCfg = Release|Any CPU
		{64B61420-2125-4436-B64F-43547AA3E5EF}.Release|Any CPU.Build.0 = Release|Any CPU
		{509914B0-4F26-434C-A9E3-0D4B46722021}.Debug|Any CPU.ActiveCfg = Debug|Any CPU
		{509914B0-4F26-434C-A9E3-0D4B46722021}.Debug|Any CPU.Build.0 = Debug|Any CPU
		{509914B0-4F26-434C-A9E3-0D4B46722021}.Release|Any CPU.ActiveCfg = Release|Any CPU
		{509914B0-4F26-434C-A9E3-0D4B46722021}.Release|Any CPU.Build.0 = Release|Any CPU
		{0300F3B4-6DAE-494F-85C8-D1DB982E2595}.Debug|Any CPU.ActiveCfg = Debug|Any CPU
		{0300F3B4-6DAE-494F-85C8-D1DB982E2595}.Debug|Any CPU.Build.0 = Debug|Any CPU
		{0300F3B4-6DAE-494F-85C8-D1DB982E2595}.Release|Any CPU.ActiveCfg = Release|Any CPU
		{0300F3B4-6DAE-494F-85C8-D1DB982E2595}.Release|Any CPU.Build.0 = Release|Any CPU
		{87622DD4-A63C-4E7B-B7AF-6650CF4521FF}.Debug|Any CPU.ActiveCfg = Debug|Any CPU
		{87622DD4-A63C-4E7B-B7AF-6650CF4521FF}.Debug|Any CPU.Build.0 = Debug|Any CPU
		{87622DD4-A63C-4E7B-B7AF-6650CF4521FF}.Release|Any CPU.ActiveCfg = Release|Any CPU
		{87622DD4-A63C-4E7B-B7AF-6650CF4521FF}.Release|Any CPU.Build.0 = Release|Any CPU
		{DF9A4A24-E005-4F05-B1EA-D5F40A20AE08}.Debug|Any CPU.ActiveCfg = Debug|Any CPU
		{DF9A4A24-E005-4F05-B1EA-D5F40A20AE08}.Debug|Any CPU.Build.0 = Debug|Any CPU
		{DF9A4A24-E005-4F05-B1EA-D5F40A20AE08}.Release|Any CPU.ActiveCfg = Release|Any CPU
		{DF9A4A24-E005-4F05-B1EA-D5F40A20AE08}.Release|Any CPU.Build.0 = Release|Any CPU
	EndGlobalSection
	GlobalSection(SolutionProperties) = preSolution
		HideSolutionNode = FALSE
	EndGlobalSection
	GlobalSection(Performance) = preSolution
		HasPerformanceSessions = true
	EndGlobalSection
EndGlobal
